
Microsoft Visual Studio Solution File, Format Version 12.00
# Visual Studio Version 16
VisualStudioVersion = 16.0.31424.327
MinimumVisualStudioVersion = 10.0.40219.1
Project("{FAE04EC0-301F-11D3-BF4B-00C04F79EFBC}") = "OtoGaleriUygulamasi_G022", "OtoGaleriUygulamasi_G022\OtoGaleriUygulamasi_G022.csproj", "{94F17409-781D-46C4-95B0-A34D6CF8FFD4}"
EndProject
Global
	GlobalSection(SolutionConfigurationPlatforms) = preSolution
		Debug|Any CPU = Debug|Any CPU
		Release|Any CPU = Release|Any CPU
	EndGlobalSection
	GlobalSection(ProjectConfigurationPlatforms) = postSolution
		{94F17409-781D-46C4-95B0-A34D6CF8FFD4}.Debug|Any CPU.ActiveCfg = Debug|Any CPU
		{94F17409-781D-46C4-95B0-A34D6CF8FFD4}.Debug|Any CPU.Build.0 = Debug|Any CPU
		{94F17409-781D-46C4-95B0-A34D6CF8FFD4}.Release|Any CPU.ActiveCfg = Release|Any CPU
		{94F17409-781D-46C4-95B0-A34D6CF8FFD4}.Release|Any CPU.Build.0 = Release|Any CPU
	EndGlobalSection
	GlobalSection(SolutionProperties) = preSolution
		HideSolutionNode = FALSE
	EndGlobalSection
	GlobalSection(ExtensibilityGlobals) = postSolution
		SolutionGuid = {82454CAC-9139-443D-8F4A-7E444CFC7F49}
	EndGlobalSection
EndGlobal
